
Microsoft Visual Studio Solution File, Format Version 12.00
# Visual Studio Version 17
VisualStudioVersion = 17.5.002.0
MinimumVisualStudioVersion = 10.0.40219.1
Project("{9A19103F-16F7-4668-BE54-9A1E7A4F7556}") = "Savdo tizimi", "Savdo tizimi.csproj", "{EA8F9BC6-EA8C-4B0A-89D8-AE8B29ABCEA0}"
EndProject
Global
	GlobalSection(SolutionConfigurationPlatforms) = preSolution
		Debug|Any CPU = Debug|Any CPU
		Release|Any CPU = Release|Any CPU
	EndGlobalSection
	GlobalSection(ProjectConfigurationPlatforms) = postSolution
		{EA8F9BC6-EA8C-4B0A-89D8-AE8B29ABCEA0}.Debug|Any CPU.ActiveCfg = Debug|Any CPU
		{EA8F9BC6-EA8C-4B0A-89D8-AE8B29ABCEA0}.Debug|Any CPU.Build.0 = Debug|Any CPU
		{EA8F9BC6-EA8C-4B0A-89D8-AE8B29ABCEA0}.Release|Any CPU.ActiveCfg = Release|Any CPU
		{EA8F9BC6-EA8C-4B0A-89D8-AE8B29ABCEA0}.Release|Any CPU.Build.0 = Release|Any CPU
	EndGlobalSection
	GlobalSection(SolutionProperties) = preSolution
		HideSolutionNode = FALSE
	EndGlobalSection
	GlobalSection(ExtensibilityGlobals) = postSolution
		SolutionGuid = {1E6E64E0-F1D0-47BA-9723-8FCEEDC8916B}
	EndGlobalSection
EndGlobal
